
Microsoft Visual Studio Solution File, Format Version 12.00
# Visual Studio Version 16
VisualStudioVersion = 16.0.31410.357
MinimumVisualStudioVersion = 10.0.40219.1
Project("{FAE04EC0-301F-11D3-BF4B-00C04F79EFBC}") = "HylandEngineeringTutorial", "HylandEngineeringTutorial\HylandEngineeringTutorial.csproj", "{A4188606-E009-40D1-A6EA-C836F554028B}"
EndProject
Global
	GlobalSection(SolutionConfigurationPlatforms) = preSolution
		Debug|Any CPU = Debug|Any CPU
		Release|Any CPU = Release|Any CPU
	EndGlobalSection
	GlobalSection(ProjectConfigurationPlatforms) = postSolution
		{A4188606-E009-40D1-A6EA-C836F554028B}.Debug|Any CPU.ActiveCfg = Debug|Any CPU
		{A4188606-E009-40D1-A6EA-C836F554028B}.Debug|Any CPU.Build.0 = Debug|Any CPU
		{A4188606-E009-40D1-A6EA-C836F554028B}.Release|Any CPU.ActiveCfg = Release|Any CPU
		{A4188606-E009-40D1-A6EA-C836F554028B}.Release|Any CPU.Build.0 = Release|Any CPU
	EndGlobalSection
	GlobalSection(SolutionProperties) = preSolution
		HideSolutionNode = FALSE
	EndGlobalSection
	GlobalSection(ExtensibilityGlobals) = postSolution
		SolutionGuid = {1022B640-6CA3-4D2E-9A27-45CD291911DE}
	EndGlobalSection
EndGlobal
